{
  "originHash" : "05f26e205e75a7c7a9f0ddee8b4612ab9bf7cf97ff2e8af89b590f4ded8f4e10",
  "pins" : [
    {
      "identity" : "visionprokit",
      "kind" : "remoteSourceControl",
      "location" : "https://github.com/Lightning-Lion/VisionProKit.git",
      "state" : {
        "branch" : "main",
        "revision" : "9e30744991329f8be428e57cea58a67fc15374c2"
      }
    }
  ],
  "version" : 3
}
